
Microsoft Visual Studio Solution File, Format Version 12.00
# Visual Studio Version 16
VisualStudioVersion = 16.0.29519.181
MinimumVisualStudioVersion = 10.0.40219.1
Project("{FAE04EC0-301F-11D3-BF4B-00C04F79EFBC}") = "MilánZH", "MilánZH\MilánZH.csproj", "{32ADCE3C-BEF5-4496-B191-25BA74429FA7}"
EndProject
Global
	GlobalSection(SolutionConfigurationPlatforms) = preSolution
		Debug|Any CPU = Debug|Any CPU
		Release|Any CPU = Release|Any CPU
	EndGlobalSection
	GlobalSection(ProjectConfigurationPlatforms) = postSolution
		{32ADCE3C-BEF5-4496-B191-25BA74429FA7}.Debug|Any CPU.ActiveCfg = Debug|Any CPU
		{32ADCE3C-BEF5-4496-B191-25BA74429FA7}.Debug|Any CPU.Build.0 = Debug|Any CPU
		{32ADCE3C-BEF5-4496-B191-25BA74429FA7}.Release|Any CPU.ActiveCfg = Release|Any CPU
		{32ADCE3C-BEF5-4496-B191-25BA74429FA7}.Release|Any CPU.Build.0 = Release|Any CPU
	EndGlobalSection
	GlobalSection(SolutionProperties) = preSolution
		HideSolutionNode = FALSE
	EndGlobalSection
	GlobalSection(ExtensibilityGlobals) = postSolution
		SolutionGuid = {F1245C75-6948-43C1-B1B0-08D5DD6D2ED2}
	EndGlobalSection
EndGlobal
