
Microsoft Visual Studio Solution File, Format Version 12.00
# Visual Studio 15
VisualStudioVersion = 15.0.28010.2019
MinimumVisualStudioVersion = 10.0.40219.1
Project("{FAE04EC0-301F-11D3-BF4B-00C04F79EFBC}") = "Derült égből fasírt", "Derült égből fasírt\Derült égből fasírt.csproj", "{D7B5356C-DDA8-47E3-AE89-06785CC18134}"
EndProject
Global
	GlobalSection(SolutionConfigurationPlatforms) = preSolution
		Debug|Any CPU = Debug|Any CPU
		Release|Any CPU = Release|Any CPU
	EndGlobalSection
	GlobalSection(ProjectConfigurationPlatforms) = postSolution
		{D7B5356C-DDA8-47E3-AE89-06785CC18134}.Debug|Any CPU.ActiveCfg = Debug|Any CPU
		{D7B5356C-DDA8-47E3-AE89-06785CC18134}.Debug|Any CPU.Build.0 = Debug|Any CPU
		{D7B5356C-DDA8-47E3-AE89-06785CC18134}.Release|Any CPU.ActiveCfg = Release|Any CPU
		{D7B5356C-DDA8-47E3-AE89-06785CC18134}.Release|Any CPU.Build.0 = Release|Any CPU
	EndGlobalSection
	GlobalSection(SolutionProperties) = preSolution
		HideSolutionNode = FALSE
	EndGlobalSection
	GlobalSection(ExtensibilityGlobals) = postSolution
		SolutionGuid = {27F475F5-59D2-45E3-95EC-5A9BAEB08E62}
	EndGlobalSection
EndGlobal
