
Microsoft Visual Studio Solution File, Format Version 12.00
# Visual Studio 15
VisualStudioVersion = 15.0.28010.2019
MinimumVisualStudioVersion = 10.0.40219.1
Project("{FAE04EC0-301F-11D3-BF4B-00C04F79EFBC}") = "B_Donkó_Márk", "B_Donkó_Márk\B_Donkó_Márk.csproj", "{C64F24DF-616E-4428-9C20-F9D5D2F4CA1D}"
EndProject
Global
	GlobalSection(SolutionConfigurationPlatforms) = preSolution
		Debug|Any CPU = Debug|Any CPU
		Release|Any CPU = Release|Any CPU
	EndGlobalSection
	GlobalSection(ProjectConfigurationPlatforms) = postSolution
		{C64F24DF-616E-4428-9C20-F9D5D2F4CA1D}.Debug|Any CPU.ActiveCfg = Debug|Any CPU
		{C64F24DF-616E-4428-9C20-F9D5D2F4CA1D}.Debug|Any CPU.Build.0 = Debug|Any CPU
		{C64F24DF-616E-4428-9C20-F9D5D2F4CA1D}.Release|Any CPU.ActiveCfg = Release|Any CPU
		{C64F24DF-616E-4428-9C20-F9D5D2F4CA1D}.Release|Any CPU.Build.0 = Release|Any CPU
	EndGlobalSection
	GlobalSection(SolutionProperties) = preSolution
		HideSolutionNode = FALSE
	EndGlobalSection
	GlobalSection(ExtensibilityGlobals) = postSolution
		SolutionGuid = {743F23D4-9D16-4A73-BF98-E6C5DEC5A46B}
	EndGlobalSection
EndGlobal
