
Microsoft Visual Studio Solution File, Format Version 12.00
# Visual Studio 14
VisualStudioVersion = 14.0.25420.1
MinimumVisualStudioVersion = 10.0.40219.1
Project("{FAE04EC0-301F-11D3-BF4B-00C04F79EFBC}") = "KliensZH", "KliensZH\KliensZH.csproj", "{49B75AFD-F46D-4C99-B966-719A7CA5CA92}"
EndProject
Project("{FAE04EC0-301F-11D3-BF4B-00C04F79EFBC}") = "SzerverZH", "SzerverZH\SzerverZH.csproj", "{4ED67C15-6FB9-4A4F-B462-80B9E5F36198}"
EndProject
Global
	GlobalSection(SolutionConfigurationPlatforms) = preSolution
		Debug|Any CPU = Debug|Any CPU
		Release|Any CPU = Release|Any CPU
	EndGlobalSection
	GlobalSection(ProjectConfigurationPlatforms) = postSolution
		{49B75AFD-F46D-4C99-B966-719A7CA5CA92}.Debug|Any CPU.ActiveCfg = Debug|Any CPU
		{49B75AFD-F46D-4C99-B966-719A7CA5CA92}.Debug|Any CPU.Build.0 = Debug|Any CPU
		{49B75AFD-F46D-4C99-B966-719A7CA5CA92}.Release|Any CPU.ActiveCfg = Release|Any CPU
		{49B75AFD-F46D-4C99-B966-719A7CA5CA92}.Release|Any CPU.Build.0 = Release|Any CPU
		{4ED67C15-6FB9-4A4F-B462-80B9E5F36198}.Debug|Any CPU.ActiveCfg = Debug|Any CPU
		{4ED67C15-6FB9-4A4F-B462-80B9E5F36198}.Debug|Any CPU.Build.0 = Debug|Any CPU
		{4ED67C15-6FB9-4A4F-B462-80B9E5F36198}.Release|Any CPU.ActiveCfg = Release|Any CPU
		{4ED67C15-6FB9-4A4F-B462-80B9E5F36198}.Release|Any CPU.Build.0 = Release|Any CPU
	EndGlobalSection
	GlobalSection(SolutionProperties) = preSolution
		HideSolutionNode = FALSE
	EndGlobalSection
EndGlobal
