
Microsoft Visual Studio Solution File, Format Version 12.00
# Blend for Visual Studio Version 16
VisualStudioVersion = 16.0.29519.181
MinimumVisualStudioVersion = 10.0.40219.1
Project("{FAE04EC0-301F-11D3-BF4B-00C04F79EFBC}") = "WpfApp2", "WpfApp2\WpfApp2.csproj", "{0FBDCB21-32F5-4B5B-A8AF-A5BEF8220866}"
EndProject
Global
	GlobalSection(SolutionConfigurationPlatforms) = preSolution
		Debug|Any CPU = Debug|Any CPU
		Release|Any CPU = Release|Any CPU
	EndGlobalSection
	GlobalSection(ProjectConfigurationPlatforms) = postSolution
		{0FBDCB21-32F5-4B5B-A8AF-A5BEF8220866}.Debug|Any CPU.ActiveCfg = Debug|Any CPU
		{0FBDCB21-32F5-4B5B-A8AF-A5BEF8220866}.Debug|Any CPU.Build.0 = Debug|Any CPU
		{0FBDCB21-32F5-4B5B-A8AF-A5BEF8220866}.Release|Any CPU.ActiveCfg = Release|Any CPU
		{0FBDCB21-32F5-4B5B-A8AF-A5BEF8220866}.Release|Any CPU.Build.0 = Release|Any CPU
	EndGlobalSection
	GlobalSection(SolutionProperties) = preSolution
		HideSolutionNode = FALSE
	EndGlobalSection
	GlobalSection(ExtensibilityGlobals) = postSolution
		SolutionGuid = {73F8D3F4-E2D8-4434-9DF0-E14538A81AC4}
	EndGlobalSection
EndGlobal
