
Microsoft Visual Studio Solution File, Format Version 12.00
# Visual Studio Version 16
VisualStudioVersion = 16.0.29509.3
MinimumVisualStudioVersion = 10.0.40219.1
Project("{E24C65DC-7377-472B-9ABA-BC803B73C61A}") = "Számologépwcf", "Számologépwcf\", "{F987D2E6-4415-4154-A37A-EA27D339029C}"
	ProjectSection(WebsiteProperties) = preProject
		TargetFrameworkMoniker = ".NETFramework,Version%3Dv4.7.2"
		Debug.AspNetCompiler.VirtualPath = "/localhost_49860"
		Debug.AspNetCompiler.PhysicalPath = "Számologépwcf\"
		Debug.AspNetCompiler.TargetPath = "PrecompiledWeb\localhost_49860\"
		Debug.AspNetCompiler.Updateable = "true"
		Debug.AspNetCompiler.ForceOverwrite = "true"
		Debug.AspNetCompiler.FixedNames = "false"
		Debug.AspNetCompiler.Debug = "True"
		Release.AspNetCompiler.VirtualPath = "/localhost_49860"
		Release.AspNetCompiler.PhysicalPath = "Számologépwcf\"
		Release.AspNetCompiler.TargetPath = "PrecompiledWeb\localhost_49860\"
		Release.AspNetCompiler.Updateable = "true"
		Release.AspNetCompiler.ForceOverwrite = "true"
		Release.AspNetCompiler.FixedNames = "false"
		Release.AspNetCompiler.Debug = "False"
		VWDPort = "49860"
		DefaultWebSiteLanguage = "Visual C#"
	EndProjectSection
EndProject
Global
	GlobalSection(SolutionConfigurationPlatforms) = preSolution
		Debug|Any CPU = Debug|Any CPU
	EndGlobalSection
	GlobalSection(ProjectConfigurationPlatforms) = postSolution
		{F987D2E6-4415-4154-A37A-EA27D339029C}.Debug|Any CPU.ActiveCfg = Debug|Any CPU
		{F987D2E6-4415-4154-A37A-EA27D339029C}.Debug|Any CPU.Build.0 = Debug|Any CPU
	EndGlobalSection
	GlobalSection(SolutionProperties) = preSolution
		HideSolutionNode = FALSE
	EndGlobalSection
	GlobalSection(ExtensibilityGlobals) = postSolution
		SolutionGuid = {BF768F1A-3C3B-4213-BA31-DB85901F5091}
	EndGlobalSection
EndGlobal
