
Microsoft Visual Studio Solution File, Format Version 12.00
# Visual Studio 15
VisualStudioVersion = 15.0.28307.539
MinimumVisualStudioVersion = 10.0.40219.1
Project("{FAE04EC0-301F-11D3-BF4B-00C04F79EFBC}") = "ConsoleApp2", "ConsoleApp2\ConsoleApp2.csproj", "{EA5BC5B2-DBA6-475B-868F-9C0A6E2DB53C}"
EndProject
Global
	GlobalSection(SolutionConfigurationPlatforms) = preSolution
		Debug|Any CPU = Debug|Any CPU
		Release|Any CPU = Release|Any CPU
	EndGlobalSection
	GlobalSection(ProjectConfigurationPlatforms) = postSolution
		{EA5BC5B2-DBA6-475B-868F-9C0A6E2DB53C}.Debug|Any CPU.ActiveCfg = Debug|Any CPU
		{EA5BC5B2-DBA6-475B-868F-9C0A6E2DB53C}.Debug|Any CPU.Build.0 = Debug|Any CPU
		{EA5BC5B2-DBA6-475B-868F-9C0A6E2DB53C}.Release|Any CPU.ActiveCfg = Release|Any CPU
		{EA5BC5B2-DBA6-475B-868F-9C0A6E2DB53C}.Release|Any CPU.Build.0 = Release|Any CPU
	EndGlobalSection
	GlobalSection(SolutionProperties) = preSolution
		HideSolutionNode = FALSE
	EndGlobalSection
	GlobalSection(ExtensibilityGlobals) = postSolution
		SolutionGuid = {3D74CBDD-FCB2-472C-8420-05A84EEEF1DA}
	EndGlobalSection
EndGlobal
