
Microsoft Visual Studio Solution File, Format Version 12.00
# Visual Studio 15
VisualStudioVersion = 15.0.28010.2019
MinimumVisualStudioVersion = 10.0.40219.1
Project("{FAE04EC0-301F-11D3-BF4B-00C04F79EFBC}") = "Beadandó 2018.11.21", "Beadandó 2018.11.21\Beadandó 2018.11.21.csproj", "{1E967FD7-8FD6-4419-A278-08E751CB6501}"
EndProject
Global
	GlobalSection(SolutionConfigurationPlatforms) = preSolution
		Debug|Any CPU = Debug|Any CPU
		Release|Any CPU = Release|Any CPU
	EndGlobalSection
	GlobalSection(ProjectConfigurationPlatforms) = postSolution
		{1E967FD7-8FD6-4419-A278-08E751CB6501}.Debug|Any CPU.ActiveCfg = Debug|Any CPU
		{1E967FD7-8FD6-4419-A278-08E751CB6501}.Debug|Any CPU.Build.0 = Debug|Any CPU
		{1E967FD7-8FD6-4419-A278-08E751CB6501}.Release|Any CPU.ActiveCfg = Release|Any CPU
		{1E967FD7-8FD6-4419-A278-08E751CB6501}.Release|Any CPU.Build.0 = Release|Any CPU
	EndGlobalSection
	GlobalSection(SolutionProperties) = preSolution
		HideSolutionNode = FALSE
	EndGlobalSection
	GlobalSection(ExtensibilityGlobals) = postSolution
		SolutionGuid = {0D24EA78-D703-40D2-9FD9-B8EF2486C9DA}
	EndGlobalSection
EndGlobal
