
Microsoft Visual Studio Solution File, Format Version 12.00
# Visual Studio 15
VisualStudioVersion = 15.0.28010.2019
MinimumVisualStudioVersion = 10.0.40219.1
Project("{FAE04EC0-301F-11D3-BF4B-00C04F79EFBC}") = "Nevjegy_DMárk", "Nevjegy_DMárk\Nevjegy_DMárk.csproj", "{557F270E-6D69-41BE-A2B8-D81AA8B7CBA3}"
EndProject
Global
	GlobalSection(SolutionConfigurationPlatforms) = preSolution
		Debug|Any CPU = Debug|Any CPU
		Release|Any CPU = Release|Any CPU
	EndGlobalSection
	GlobalSection(ProjectConfigurationPlatforms) = postSolution
		{557F270E-6D69-41BE-A2B8-D81AA8B7CBA3}.Debug|Any CPU.ActiveCfg = Debug|Any CPU
		{557F270E-6D69-41BE-A2B8-D81AA8B7CBA3}.Debug|Any CPU.Build.0 = Debug|Any CPU
		{557F270E-6D69-41BE-A2B8-D81AA8B7CBA3}.Release|Any CPU.ActiveCfg = Release|Any CPU
		{557F270E-6D69-41BE-A2B8-D81AA8B7CBA3}.Release|Any CPU.Build.0 = Release|Any CPU
	EndGlobalSection
	GlobalSection(SolutionProperties) = preSolution
		HideSolutionNode = FALSE
	EndGlobalSection
	GlobalSection(ExtensibilityGlobals) = postSolution
		SolutionGuid = {85737F44-6302-4CBE-8238-E6C072749562}
	EndGlobalSection
EndGlobal
