
Microsoft Visual Studio Solution File, Format Version 12.00
# Visual Studio 15
VisualStudioVersion = 15.0.28010.2019
MinimumVisualStudioVersion = 10.0.40219.1
Project("{FAE04EC0-301F-11D3-BF4B-00C04F79EFBC}") = "mozgó kép", "mozgó kép\mozgó kép.csproj", "{DC81C753-B249-4A48-81A4-657914B8C00C}"
EndProject
Global
	GlobalSection(SolutionConfigurationPlatforms) = preSolution
		Debug|Any CPU = Debug|Any CPU
		Release|Any CPU = Release|Any CPU
	EndGlobalSection
	GlobalSection(ProjectConfigurationPlatforms) = postSolution
		{DC81C753-B249-4A48-81A4-657914B8C00C}.Debug|Any CPU.ActiveCfg = Debug|Any CPU
		{DC81C753-B249-4A48-81A4-657914B8C00C}.Debug|Any CPU.Build.0 = Debug|Any CPU
		{DC81C753-B249-4A48-81A4-657914B8C00C}.Release|Any CPU.ActiveCfg = Release|Any CPU
		{DC81C753-B249-4A48-81A4-657914B8C00C}.Release|Any CPU.Build.0 = Release|Any CPU
	EndGlobalSection
	GlobalSection(SolutionProperties) = preSolution
		HideSolutionNode = FALSE
	EndGlobalSection
	GlobalSection(ExtensibilityGlobals) = postSolution
		SolutionGuid = {1CF33305-A875-4D39-9BEA-835B91498B37}
	EndGlobalSection
EndGlobal
