
Microsoft Visual Studio Solution File, Format Version 12.00
# Visual Studio 15
VisualStudioVersion = 15.0.28010.2019
MinimumVisualStudioVersion = 10.0.40219.1
Project("{FAE04EC0-301F-11D3-BF4B-00C04F79EFBC}") = "gondolok2", "gondolok2\gondolok2.csproj", "{62BC17CF-5F87-4813-BE9F-F68CA8036D28}"
EndProject
Global
	GlobalSection(SolutionConfigurationPlatforms) = preSolution
		Debug|Any CPU = Debug|Any CPU
		Release|Any CPU = Release|Any CPU
	EndGlobalSection
	GlobalSection(ProjectConfigurationPlatforms) = postSolution
		{62BC17CF-5F87-4813-BE9F-F68CA8036D28}.Debug|Any CPU.ActiveCfg = Debug|Any CPU
		{62BC17CF-5F87-4813-BE9F-F68CA8036D28}.Debug|Any CPU.Build.0 = Debug|Any CPU
		{62BC17CF-5F87-4813-BE9F-F68CA8036D28}.Release|Any CPU.ActiveCfg = Release|Any CPU
		{62BC17CF-5F87-4813-BE9F-F68CA8036D28}.Release|Any CPU.Build.0 = Release|Any CPU
	EndGlobalSection
	GlobalSection(SolutionProperties) = preSolution
		HideSolutionNode = FALSE
	EndGlobalSection
	GlobalSection(ExtensibilityGlobals) = postSolution
		SolutionGuid = {5AA5DAB4-790C-4C52-BD65-0F7E9A7A3515}
	EndGlobalSection
EndGlobal
