
Microsoft Visual Studio Solution File, Format Version 12.00
# Visual Studio Version 16
VisualStudioVersion = 16.0.29509.3
MinimumVisualStudioVersion = 10.0.40219.1
Project("{FAE04EC0-301F-11D3-BF4B-00C04F79EFBC}") = "wcfHost", "wcfHost\wcfHost.csproj", "{1C18B35C-EC81-4C9A-AFDC-89A1DE4ED7A3}"
EndProject
Global
	GlobalSection(SolutionConfigurationPlatforms) = preSolution
		Debug|Any CPU = Debug|Any CPU
		Release|Any CPU = Release|Any CPU
	EndGlobalSection
	GlobalSection(ProjectConfigurationPlatforms) = postSolution
		{1C18B35C-EC81-4C9A-AFDC-89A1DE4ED7A3}.Debug|Any CPU.ActiveCfg = Debug|Any CPU
		{1C18B35C-EC81-4C9A-AFDC-89A1DE4ED7A3}.Debug|Any CPU.Build.0 = Debug|Any CPU
		{1C18B35C-EC81-4C9A-AFDC-89A1DE4ED7A3}.Release|Any CPU.ActiveCfg = Release|Any CPU
		{1C18B35C-EC81-4C9A-AFDC-89A1DE4ED7A3}.Release|Any CPU.Build.0 = Release|Any CPU
	EndGlobalSection
	GlobalSection(SolutionProperties) = preSolution
		HideSolutionNode = FALSE
	EndGlobalSection
	GlobalSection(ExtensibilityGlobals) = postSolution
		SolutionGuid = {EA3226FC-5A97-4F19-B3D3-E31318055D49}
	EndGlobalSection
EndGlobal
