
Microsoft Visual Studio Solution File, Format Version 12.00
# Visual Studio 15
VisualStudioVersion = 15.0.28010.2019
MinimumVisualStudioVersion = 10.0.40219.1
Project("{FAE04EC0-301F-11D3-BF4B-00C04F79EFBC}") = "Wiki7-teglalapl-generelos-f", "Wiki7-teglalapl-generelos-f\Wiki7-teglalapl-generelos-f.csproj", "{377170AD-A8F4-48BA-825D-8B4AF76687A5}"
EndProject
Global
	GlobalSection(SolutionConfigurationPlatforms) = preSolution
		Debug|Any CPU = Debug|Any CPU
		Release|Any CPU = Release|Any CPU
	EndGlobalSection
	GlobalSection(ProjectConfigurationPlatforms) = postSolution
		{377170AD-A8F4-48BA-825D-8B4AF76687A5}.Debug|Any CPU.ActiveCfg = Debug|Any CPU
		{377170AD-A8F4-48BA-825D-8B4AF76687A5}.Debug|Any CPU.Build.0 = Debug|Any CPU
		{377170AD-A8F4-48BA-825D-8B4AF76687A5}.Release|Any CPU.ActiveCfg = Release|Any CPU
		{377170AD-A8F4-48BA-825D-8B4AF76687A5}.Release|Any CPU.Build.0 = Release|Any CPU
	EndGlobalSection
	GlobalSection(SolutionProperties) = preSolution
		HideSolutionNode = FALSE
	EndGlobalSection
	GlobalSection(ExtensibilityGlobals) = postSolution
		SolutionGuid = {EFFD0470-7EEC-4B22-9FDD-0B093A7D282E}
	EndGlobalSection
EndGlobal
