
Microsoft Visual Studio Solution File, Format Version 12.00
# Visual Studio 15
VisualStudioVersion = 15.0.28010.2019
MinimumVisualStudioVersion = 10.0.40219.1
Project("{FAE04EC0-301F-11D3-BF4B-00C04F79EFBC}") = "gondoltam", "gondoltam\gondoltam.csproj", "{AFA584D2-B046-49E4-A1CA-9A55AE9DB094}"
EndProject
Global
	GlobalSection(SolutionConfigurationPlatforms) = preSolution
		Debug|Any CPU = Debug|Any CPU
		Release|Any CPU = Release|Any CPU
	EndGlobalSection
	GlobalSection(ProjectConfigurationPlatforms) = postSolution
		{AFA584D2-B046-49E4-A1CA-9A55AE9DB094}.Debug|Any CPU.ActiveCfg = Debug|Any CPU
		{AFA584D2-B046-49E4-A1CA-9A55AE9DB094}.Debug|Any CPU.Build.0 = Debug|Any CPU
		{AFA584D2-B046-49E4-A1CA-9A55AE9DB094}.Release|Any CPU.ActiveCfg = Release|Any CPU
		{AFA584D2-B046-49E4-A1CA-9A55AE9DB094}.Release|Any CPU.Build.0 = Release|Any CPU
	EndGlobalSection
	GlobalSection(SolutionProperties) = preSolution
		HideSolutionNode = FALSE
	EndGlobalSection
	GlobalSection(ExtensibilityGlobals) = postSolution
		SolutionGuid = {319C97B7-D38A-4EA8-B7CB-3EF8085DD632}
	EndGlobalSection
EndGlobal
