
Microsoft Visual Studio Solution File, Format Version 12.00
# Visual Studio 15
VisualStudioVersion = 15.0.28010.2019
MinimumVisualStudioVersion = 10.0.40219.1
Project("{FAE04EC0-301F-11D3-BF4B-00C04F79EFBC}") = "Diák és könyvespolc", "Diák és könyvespolc\Diák és könyvespolc.csproj", "{3B2C17D7-0970-420A-984F-47C9D2F6239A}"
EndProject
Global
	GlobalSection(SolutionConfigurationPlatforms) = preSolution
		Debug|Any CPU = Debug|Any CPU
		Release|Any CPU = Release|Any CPU
	EndGlobalSection
	GlobalSection(ProjectConfigurationPlatforms) = postSolution
		{3B2C17D7-0970-420A-984F-47C9D2F6239A}.Debug|Any CPU.ActiveCfg = Debug|Any CPU
		{3B2C17D7-0970-420A-984F-47C9D2F6239A}.Debug|Any CPU.Build.0 = Debug|Any CPU
		{3B2C17D7-0970-420A-984F-47C9D2F6239A}.Release|Any CPU.ActiveCfg = Release|Any CPU
		{3B2C17D7-0970-420A-984F-47C9D2F6239A}.Release|Any CPU.Build.0 = Release|Any CPU
	EndGlobalSection
	GlobalSection(SolutionProperties) = preSolution
		HideSolutionNode = FALSE
	EndGlobalSection
	GlobalSection(ExtensibilityGlobals) = postSolution
		SolutionGuid = {37F80998-9961-4707-AFDA-9B5E09D44354}
	EndGlobalSection
EndGlobal
