
Microsoft Visual Studio Solution File, Format Version 12.00
# Visual Studio 15
VisualStudioVersion = 15.0.28010.2019
MinimumVisualStudioVersion = 10.0.40219.1
Project("{FAE04EC0-301F-11D3-BF4B-00C04F79EFBC}") = "HEHE", "HEHE\HEHE.csproj", "{9F2DF339-5775-4632-8D45-771199A938DE}"
EndProject
Global
	GlobalSection(SolutionConfigurationPlatforms) = preSolution
		Debug|Any CPU = Debug|Any CPU
		Release|Any CPU = Release|Any CPU
	EndGlobalSection
	GlobalSection(ProjectConfigurationPlatforms) = postSolution
		{9F2DF339-5775-4632-8D45-771199A938DE}.Debug|Any CPU.ActiveCfg = Debug|Any CPU
		{9F2DF339-5775-4632-8D45-771199A938DE}.Debug|Any CPU.Build.0 = Debug|Any CPU
		{9F2DF339-5775-4632-8D45-771199A938DE}.Release|Any CPU.ActiveCfg = Release|Any CPU
		{9F2DF339-5775-4632-8D45-771199A938DE}.Release|Any CPU.Build.0 = Release|Any CPU
	EndGlobalSection
	GlobalSection(SolutionProperties) = preSolution
		HideSolutionNode = FALSE
	EndGlobalSection
	GlobalSection(ExtensibilityGlobals) = postSolution
		SolutionGuid = {94389FE9-CF44-4A23-84E2-F0A295A29F3A}
	EndGlobalSection
EndGlobal
